PODS:
  - Flutter (1.0.0)
  - pda_mobile (1.0.0):
    - Flutter

DEPENDENCIES:
  - Flutter (from `Flutter`)
  - pda_mobile (from `.symlinks/plugins/pda_mobile/ios`)

EXTERNAL SOURCES:
  Flutter:
    :path: Flutter
  pda_mobile:
    :path: ".symlinks/plugins/pda_mobile/ios"

SPEC CHECKSUMS:
  Flutter: cabc95a1d2626b1b06e7179b784ebcf0c0cde467
  pda_mobile: 21464cbae3c1b6276ef809b43daba92eefb59466

PODFILE CHECKSUM: 3c63482e143d1b91d2d2560aee9fb04ecc74ac7e

COCOAPODS: 1.16.2
